
Microsoft Visual Studio Solution File, Format Version 12.00
# Visual Studio Version 17
VisualStudioVersion = 17.6.33801.468
MinimumVisualStudioVersion = 10.0.40219.1
Project("{FAE04EC0-301F-11D3-BF4B-00C04F79EFBC}") = "TeamsSubWindow_001", "TeamsSubWindow_001\TeamsSubWindow_001.csproj", "{CBEECBF0-2813-46A4-89EA-2B8DE05B69BB}"
EndProject
Global
	GlobalSection(SolutionConfigurationPlatforms) = preSolution
		Debug|Any CPU = Debug|Any CPU
		Release|Any CPU = Release|Any CPU
	EndGlobalSection
	GlobalSection(ProjectConfigurationPlatforms) = postSolution
		{CBEECBF0-2813-46A4-89EA-2B8DE05B69BB}.Debug|Any CPU.ActiveCfg = Debug|Any CPU
		{CBEECBF0-2813-46A4-89EA-2B8DE05B69BB}.Debug|Any CPU.Build.0 = Debug|Any CPU
		{CBEECBF0-2813-46A4-89EA-2B8DE05B69BB}.Release|Any CPU.ActiveCfg = Release|Any CPU
		{CBEECBF0-2813-46A4-89EA-2B8DE05B69BB}.Release|Any CPU.Build.0 = Release|Any CPU
	EndGlobalSection
	GlobalSection(SolutionProperties) = preSolution
		HideSolutionNode = FALSE
	EndGlobalSection
	GlobalSection(ExtensibilityGlobals) = postSolution
		SolutionGuid = {DB7D4860-D23E-4A21-95B3-CCC6796798FA}
	EndGlobalSection
EndGlobal
